# THIS IS AN AUTOGENERATED FILE. DO NOT EDIT THIS FILE DIRECTLY.
# yarn lockfile v1


electron-prompt@^1.7.0:
  version "1.7.0"
  resolved "https://registry.yarnpkg.com/electron-prompt/-/electron-prompt-1.7.0.tgz#6f9dedb2dac1dd6bad2e6592ab81cb87c37f2a35"
  integrity sha512-IfqJYEgcRO6NuyPROo8AtdkAiZ6N9I1lQEf4dJAkPuhV5YgOHdmLqZJf6OXumZJfzrjpzCM5jHeYOrhGdgbnEA==
